
Microsoft Visual Studio Solution File, Format Version 12.00
# Visual Studio Version 17
VisualStudioVersion = 17.11.35303.130
MinimumVisualStudioVersion = 10.0.40219.1
Project("{9A19103F-16F7-4668-BE54-9A1E7A4F7556}") = "MeloconjuntoApi", "MeloconjuntoApi\MeloconjuntoApi.csproj", "{79694E24-DA11-49F6-B39B-15DE55B72588}"
EndProject
Project("{FAE04EC0-301F-11D3-BF4B-00C04F79EFBC}") = "Diagram", "Diagram\Diagram.csproj", "{0E4837F2-27C8-48BE-9626-AA7FDB49F895}"
EndProject
Global
	GlobalSection(SolutionConfigurationPlatforms) = preSolution
		Debug|Any CPU = Debug|Any CPU
		Release|Any CPU = Release|Any CPU
	EndGlobalSection
	GlobalSection(ProjectConfigurationPlatforms) = postSolution
		{79694E24-DA11-49F6-B39B-15DE55B72588}.Debug|Any CPU.ActiveCfg = Debug|Any CPU
		{79694E24-DA11-49F6-B39B-15DE55B72588}.Debug|Any CPU.Build.0 = Debug|Any CPU
		{79694E24-DA11-49F6-B39B-15DE55B72588}.Release|Any CPU.ActiveCfg = Release|Any CPU
		{79694E24-DA11-49F6-B39B-15DE55B72588}.Release|Any CPU.Build.0 = Release|Any CPU
		{0E4837F2-27C8-48BE-9626-AA7FDB49F895}.Debug|Any CPU.ActiveCfg = Debug|Any CPU
		{0E4837F2-27C8-48BE-9626-AA7FDB49F895}.Debug|Any CPU.Build.0 = Debug|Any CPU
		{0E4837F2-27C8-48BE-9626-AA7FDB49F895}.Release|Any CPU.ActiveCfg = Release|Any CPU
		{0E4837F2-27C8-48BE-9626-AA7FDB49F895}.Release|Any CPU.Build.0 = Release|Any CPU
	EndGlobalSection
	GlobalSection(SolutionProperties) = preSolution
		HideSolutionNode = FALSE
	EndGlobalSection
	GlobalSection(ExtensibilityGlobals) = postSolution
		SolutionGuid = {FB617117-D0CC-4648-8FF6-A16FCA36C1C6}
	EndGlobalSection
EndGlobal
